// !$*UTF8*$!
{
	archiveVersion = 1;
	classes = {
	};
	objectVersion = 46;
	objects = {

/* Begin PBXBuildFile section */
		690EF6C92632BEFF006E2DEF /* NSObjectProtocolExtensions.swift in Sources */ = {isa = PBXBuildFile; fileRef = 690EF6C82632BEFF006E2DEF /* NSObjectProtocolExtensions.swift */; };
		69446C382635756D00486CBD /* Notifications+ComposableArchitecture.swift in Sources */ = {isa = PBXBuildFile; fileRef = 69446C372635756D00486CBD /* Notifications+ComposableArchitecture.swift */; };
		OBJ_105 /* CasePath.swift in Sources */ = {isa = PBXBuildFile; fileRef = OBJ_68 /* CasePath.swift */; };
		OBJ_106 /* CasePaths.swift in Sources */ = {isa = PBXBuildFile; fileRef = OBJ_69 /* CasePaths.swift */; };
		OBJ_107 /* EnumReflection.swift in Sources */ = {isa = PBXBuildFile; fileRef = OBJ_70 /* EnumReflection.swift */; };
		OBJ_108 /* Operators.swift in Sources */ = {isa = PBXBuildFile; fileRef = OBJ_71 /* Operators.swift */; };
		OBJ_115 /* AnyScheduler.swift in Sources */ = {isa = PBXBuildFile; fileRef = OBJ_75 /* AnyScheduler.swift */; };
		OBJ_116 /* FailingScheduler.swift in Sources */ = {isa = PBXBuildFile; fileRef = OBJ_76 /* FailingScheduler.swift */; };
		OBJ_117 /* ImmediateScheduler.swift in Sources */ = {isa = PBXBuildFile; fileRef = OBJ_77 /* ImmediateScheduler.swift */; };
		OBJ_118 /* Deprecations.swift in Sources */ = {isa = PBXBuildFile; fileRef = OBJ_79 /* Deprecations.swift */; };
		OBJ_119 /* Lock.swift in Sources */ = {isa = PBXBuildFile; fileRef = OBJ_80 /* Lock.swift */; };
		OBJ_120 /* SwiftUI.swift in Sources */ = {isa = PBXBuildFile; fileRef = OBJ_81 /* SwiftUI.swift */; };
		OBJ_121 /* TestScheduler.swift in Sources */ = {isa = PBXBuildFile; fileRef = OBJ_82 /* TestScheduler.swift */; };
		OBJ_122 /* Timer.swift in Sources */ = {isa = PBXBuildFile; fileRef = OBJ_83 /* Timer.swift */; };
		OBJ_123 /* UIKit.swift in Sources */ = {isa = PBXBuildFile; fileRef = OBJ_84 /* UIKit.swift */; };
		OBJ_124 /* UIScheduler.swift in Sources */ = {isa = PBXBuildFile; fileRef = OBJ_85 /* UIScheduler.swift */; };
		OBJ_126 /* XCTestDynamicOverlay.framework in Frameworks */ = {isa = PBXBuildFile; fileRef = "xctest-dynamic-overlay::XCTestDynamicOverlay::Product" /* XCTestDynamicOverlay.framework */; };
		OBJ_134 /* ReducerDebugging.swift in Sources */ = {isa = PBXBuildFile; fileRef = OBJ_31 /* ReducerDebugging.swift */; };
		OBJ_135 /* ReducerInstrumentation.swift in Sources */ = {isa = PBXBuildFile; fileRef = OBJ_32 /* ReducerInstrumentation.swift */; };
		OBJ_136 /* Effect.swift in Sources */ = {isa = PBXBuildFile; fileRef = OBJ_33 /* Effect.swift */; };
		OBJ_137 /* Cancellation.swift in Sources */ = {isa = PBXBuildFile; fileRef = OBJ_35 /* Cancellation.swift */; };
		OBJ_138 /* Debouncing.swift in Sources */ = {isa = PBXBuildFile; fileRef = OBJ_36 /* Debouncing.swift */; };
		OBJ_139 /* Timer.swift in Sources */ = {isa = PBXBuildFile; fileRef = OBJ_37 /* Timer.swift */; };
		OBJ_140 /* Create.swift in Sources */ = {isa = PBXBuildFile; fileRef = OBJ_39 /* Create.swift */; };
		OBJ_141 /* Debug.swift in Sources */ = {isa = PBXBuildFile; fileRef = OBJ_40 /* Debug.swift */; };
		OBJ_142 /* Deprecations.swift in Sources */ = {isa = PBXBuildFile; fileRef = OBJ_41 /* Deprecations.swift */; };
		OBJ_143 /* Diff.swift in Sources */ = {isa = PBXBuildFile; fileRef = OBJ_42 /* Diff.swift */; };
		OBJ_144 /* Exports.swift in Sources */ = {isa = PBXBuildFile; fileRef = OBJ_43 /* Exports.swift */; };
		OBJ_145 /* Locking.swift in Sources */ = {isa = PBXBuildFile; fileRef = OBJ_44 /* Locking.swift */; };
		OBJ_146 /* Throttling.swift in Sources */ = {isa = PBXBuildFile; fileRef = OBJ_45 /* Throttling.swift */; };
		OBJ_147 /* Reducer.swift in Sources */ = {isa = PBXBuildFile; fileRef = OBJ_46 /* Reducer.swift */; };
		OBJ_148 /* Store.swift in Sources */ = {isa = PBXBuildFile; fileRef = OBJ_47 /* Store.swift */; };
		OBJ_149 /* ActionSheet.swift in Sources */ = {isa = PBXBuildFile; fileRef = OBJ_49 /* ActionSheet.swift */; };
		OBJ_150 /* Alert.swift in Sources */ = {isa = PBXBuildFile; fileRef = OBJ_50 /* Alert.swift */; };
		OBJ_151 /* Animation.swift in Sources */ = {isa = PBXBuildFile; fileRef = OBJ_51 /* Animation.swift */; };
		OBJ_152 /* Binding.swift in Sources */ = {isa = PBXBuildFile; fileRef = OBJ_52 /* Binding.swift */; };
		OBJ_153 /* ForEachStore.swift in Sources */ = {isa = PBXBuildFile; fileRef = OBJ_53 /* ForEachStore.swift */; };
		OBJ_154 /* Identified.swift in Sources */ = {isa = PBXBuildFile; fileRef = OBJ_54 /* Identified.swift */; };
		OBJ_155 /* IdentifiedArray.swift in Sources */ = {isa = PBXBuildFile; fileRef = OBJ_55 /* IdentifiedArray.swift */; };
		OBJ_156 /* IfLetStore.swift in Sources */ = {isa = PBXBuildFile; fileRef = OBJ_56 /* IfLetStore.swift */; };
		OBJ_157 /* TextState.swift in Sources */ = {isa = PBXBuildFile; fileRef = OBJ_57 /* TextState.swift */; };
		OBJ_158 /* WithViewStore.swift in Sources */ = {isa = PBXBuildFile; fileRef = OBJ_58 /* WithViewStore.swift */; };
		OBJ_159 /* FailingEffect.swift in Sources */ = {isa = PBXBuildFile; fileRef = OBJ_60 /* FailingEffect.swift */; };
		OBJ_160 /* TestStore.swift in Sources */ = {isa = PBXBuildFile; fileRef = OBJ_61 /* TestStore.swift */; };
		OBJ_161 /* IfLetUIKit.swift in Sources */ = {isa = PBXBuildFile; fileRef = OBJ_63 /* IfLetUIKit.swift */; };
		OBJ_162 /* ViewStore.swift in Sources */ = {isa = PBXBuildFile; fileRef = OBJ_64 /* ViewStore.swift */; };
		OBJ_164 /* CombineSchedulers.framework in Frameworks */ = {isa = PBXBuildFile; fileRef = "combine-schedulers::CombineSchedulers::Product" /* CombineSchedulers.framework */; };
		OBJ_165 /* XCTestDynamicOverlay.framework in Frameworks */ = {isa = PBXBuildFile; fileRef = "xctest-dynamic-overlay::XCTestDynamicOverlay::Product" /* XCTestDynamicOverlay.framework */; };
		OBJ_166 /* CasePaths.framework in Frameworks */ = {isa = PBXBuildFile; fileRef = "swift-case-paths::CasePaths::Product" /* CasePaths.framework */; };
		OBJ_175 /* KeychainSwift.swift in Sources */ = {isa = PBXBuildFile; fileRef = OBJ_25 /* KeychainSwift.swift */; };
		OBJ_176 /* KeychainSwiftAccessOptions.swift in Sources */ = {isa = PBXBuildFile; fileRef = OBJ_26 /* KeychainSwiftAccessOptions.swift */; };
		OBJ_177 /* TegKeychainConstants.swift in Sources */ = {isa = PBXBuildFile; fileRef = OBJ_27 /* TegKeychainConstants.swift */; };
		OBJ_184 /* Package.swift in Sources */ = {isa = PBXBuildFile; fileRef = OBJ_24 /* Package.swift */; };
		OBJ_190 /* AppleClient.swift in Sources */ = {isa = PBXBuildFile; fileRef = OBJ_9 /* AppleClient.swift */; };
		OBJ_191 /* DateProvider.swift in Sources */ = {isa = PBXBuildFile; fileRef = OBJ_10 /* DateProvider.swift */; };
		OBJ_192 /* Either.swift in Sources */ = {isa = PBXBuildFile; fileRef = OBJ_11 /* Either.swift */; };
		OBJ_193 /* KeychainClient.swift in Sources */ = {isa = PBXBuildFile; fileRef = OBJ_12 /* KeychainClient.swift */; };
		OBJ_196 /* NotificationCenterClient.swift in Sources */ = {isa = PBXBuildFile; fileRef = OBJ_16 /* NotificationCenterClient.swift */; };
		OBJ_197 /* RemoteNotificationsClient.swift in Sources */ = {isa = PBXBuildFile; fileRef = OBJ_18 /* RemoteNotificationsClient.swift */; };
		OBJ_198 /* UserNotificationsClient.swift in Sources */ = {isa = PBXBuildFile; fileRef = OBJ_19 /* UserNotificationsClient.swift */; };
		OBJ_199 /* TimerClient.swift in Sources */ = {isa = PBXBuildFile; fileRef = OBJ_20 /* TimerClient.swift */; };
		OBJ_201 /* KeychainSwift.framework in Frameworks */ = {isa = PBXBuildFile; fileRef = "KeychainSwift::KeychainSwift::Product" /* KeychainSwift.framework */; };
		OBJ_202 /* ComposableArchitecture.framework in Frameworks */ = {isa = PBXBuildFile; fileRef = "swift-composable-architecture::ComposableArchitecture::Product" /* ComposableArchitecture.framework */; };
		OBJ_203 /* CombineSchedulers.framework in Frameworks */ = {isa = PBXBuildFile; fileRef = "combine-schedulers::CombineSchedulers::Product" /* CombineSchedulers.framework */; };
		OBJ_204 /* XCTestDynamicOverlay.framework in Frameworks */ = {isa = PBXBuildFile; fileRef = "xctest-dynamic-overlay::XCTestDynamicOverlay::Product" /* XCTestDynamicOverlay.framework */; };
		OBJ_205 /* CasePaths.framework in Frameworks */ = {isa = PBXBuildFile; fileRef = "swift-case-paths::CasePaths::Product" /* CasePaths.framework */; };
		OBJ_216 /* Package.swift in Sources */ = {isa = PBXBuildFile; fileRef = OBJ_6 /* Package.swift */; };
		OBJ_221 /* XCTFail.swift in Sources */ = {isa = PBXBuildFile; fileRef = OBJ_89 /* XCTFail.swift */; };
		OBJ_228 /* Package.swift in Sources */ = {isa = PBXBuildFile; fileRef = OBJ_86 /* Package.swift */; };
		OBJ_234 /* Package.swift in Sources */ = {isa = PBXBuildFile; fileRef = OBJ_72 /* Package.swift */; };
		OBJ_240 /* Package.swift in Sources */ = {isa = PBXBuildFile; fileRef = OBJ_65 /* Package.swift */; };
		OBJ_246 /* Package.swift in Sources */ = {isa = PBXBuildFile; fileRef = OBJ_90 /* Package.swift */; };
/* End PBXBuildFile section */

/* Begin PBXContainerItemProxy section */
		690EF6B22632BEB2006E2DEF /* PBXContainerItemProxy */ = {
			isa = PBXContainerItemProxy;
			containerPortal = OBJ_1 /* Project object */;
			proxyType = 1;
			remoteGlobalIDString = "KeychainSwift::KeychainSwift";
			remoteInfo = KeychainSwift;
		};
		690EF6B32632BEB2006E2DEF /* PBXContainerItemProxy */ = {
			isa = PBXContainerItemProxy;
			containerPortal = OBJ_1 /* Project object */;
			proxyType = 1;
			remoteGlobalIDString = "swift-composable-architecture::ComposableArchitecture";
			remoteInfo = ComposableArchitecture;
		};
		690EF6B42632BEB2006E2DEF /* PBXContainerItemProxy */ = {
			isa = PBXContainerItemProxy;
			containerPortal = OBJ_1 /* Project object */;
			proxyType = 1;
			remoteGlobalIDString = "combine-schedulers::CombineSchedulers";
			remoteInfo = CombineSchedulers;
		};
		690EF6B52632BEB2006E2DEF /* PBXContainerItemProxy */ = {
			isa = PBXContainerItemProxy;
			containerPortal = OBJ_1 /* Project object */;
			proxyType = 1;
			remoteGlobalIDString = "xctest-dynamic-overlay::XCTestDynamicOverlay";
			remoteInfo = XCTestDynamicOverlay;
		};
		690EF6B62632BEB2006E2DEF /* PBXContainerItemProxy */ = {
			isa = PBXContainerItemProxy;
			containerPortal = OBJ_1 /* Project object */;
			proxyType = 1;
			remoteGlobalIDString = "xctest-dynamic-overlay::XCTestDynamicOverlay";
			remoteInfo = XCTestDynamicOverlay;
		};
		690EF6B72632BEB2006E2DEF /* PBXContainerItemProxy */ = {
			isa = PBXContainerItemProxy;
			containerPortal = OBJ_1 /* Project object */;
			proxyType = 1;
			remoteGlobalIDString = "swift-case-paths::CasePaths";
			remoteInfo = CasePaths;
		};
		690EF6B82632BEB2006E2DEF /* PBXContainerItemProxy */ = {
			isa = PBXContainerItemProxy;
			containerPortal = OBJ_1 /* Project object */;
			proxyType = 1;
			remoteGlobalIDString = "combine-schedulers::CombineSchedulers";
			remoteInfo = CombineSchedulers;
		};
		690EF6B92632BEB2006E2DEF /* PBXContainerItemProxy */ = {
			isa = PBXContainerItemProxy;
			containerPortal = OBJ_1 /* Project object */;
			proxyType = 1;
			remoteGlobalIDString = "xctest-dynamic-overlay::XCTestDynamicOverlay";
			remoteInfo = XCTestDynamicOverlay;
		};
		690EF6BA2632BEB2006E2DEF /* PBXContainerItemProxy */ = {
			isa = PBXContainerItemProxy;
			containerPortal = OBJ_1 /* Project object */;
			proxyType = 1;
			remoteGlobalIDString = "swift-case-paths::CasePaths";
			remoteInfo = CasePaths;
		};
/* End PBXContainerItemProxy section */

/* Begin PBXFileReference section */
		690EF6C82632BEFF006E2DEF /* NSObjectProtocolExtensions.swift */ = {isa = PBXFileReference; fileEncoding = 4; lastKnownFileType = sourcecode.swift; path = NSObjectProtocolExtensions.swift; sourceTree = "<group>"; };
		69446C372635756D00486CBD /* Notifications+ComposableArchitecture.swift */ = {isa = PBXFileReference; lastKnownFileType = sourcecode.swift; path = "Notifications+ComposableArchitecture.swift"; sourceTree = "<group>"; };
		"KeychainSwift::KeychainSwift::Product" /* KeychainSwift.framework */ = {isa = PBXFileReference; lastKnownFileType = wrapper.framework; path = KeychainSwift.framework; sourceTree = BUILT_PRODUCTS_DIR; };
		"NoughtyEnvironment::NoughtyEnvironment::Product" /* NoughtyEnvironment.framework */ = {isa = PBXFileReference; lastKnownFileType = wrapper.framework; path = NoughtyEnvironment.framework; sourceTree = BUILT_PRODUCTS_DIR; };
		OBJ_10 /* DateProvider.swift */ = {isa = PBXFileReference; lastKnownFileType = sourcecode.swift; path = DateProvider.swift; sourceTree = "<group>"; };
		OBJ_11 /* Either.swift */ = {isa = PBXFileReference; lastKnownFileType = sourcecode.swift; path = Either.swift; sourceTree = "<group>"; };
		OBJ_12 /* KeychainClient.swift */ = {isa = PBXFileReference; lastKnownFileType = sourcecode.swift; path = KeychainClient.swift; sourceTree = "<group>"; };
		OBJ_16 /* NotificationCenterClient.swift */ = {isa = PBXFileReference; lastKnownFileType = sourcecode.swift; path = NotificationCenterClient.swift; sourceTree = "<group>"; };
		OBJ_18 /* RemoteNotificationsClient.swift */ = {isa = PBXFileReference; lastKnownFileType = sourcecode.swift; path = RemoteNotificationsClient.swift; sourceTree = "<group>"; };
		OBJ_19 /* UserNotificationsClient.swift */ = {isa = PBXFileReference; lastKnownFileType = sourcecode.swift; path = UserNotificationsClient.swift; sourceTree = "<group>"; };
		OBJ_20 /* TimerClient.swift */ = {isa = PBXFileReference; lastKnownFileType = sourcecode.swift; path = TimerClient.swift; sourceTree = "<group>"; };
		OBJ_24 /* Package.swift */ = {isa = PBXFileReference; explicitFileType = sourcecode.swift; name = Package.swift; path = "/Users/s2dent/Developer/noughty-environment-lib-swift/.build/checkouts/keychain-swift/Package.swift"; sourceTree = "<group>"; };
		OBJ_25 /* KeychainSwift.swift */ = {isa = PBXFileReference; lastKnownFileType = sourcecode.swift; path = KeychainSwift.swift; sourceTree = "<group>"; };
		OBJ_26 /* KeychainSwiftAccessOptions.swift */ = {isa = PBXFileReference; lastKnownFileType = sourcecode.swift; path = KeychainSwiftAccessOptions.swift; sourceTree = "<group>"; };
		OBJ_27 /* TegKeychainConstants.swift */ = {isa = PBXFileReference; lastKnownFileType = sourcecode.swift; path = TegKeychainConstants.swift; sourceTree = "<group>"; };
		OBJ_31 /* ReducerDebugging.swift */ = {isa = PBXFileReference; lastKnownFileType = sourcecode.swift; path = ReducerDebugging.swift; sourceTree = "<group>"; };
		OBJ_32 /* ReducerInstrumentation.swift */ = {isa = PBXFileReference; lastKnownFileType = sourcecode.swift; path = ReducerInstrumentation.swift; sourceTree = "<group>"; };
		OBJ_33 /* Effect.swift */ = {isa = PBXFileReference; lastKnownFileType = sourcecode.swift; path = Effect.swift; sourceTree = "<group>"; };
		OBJ_35 /* Cancellation.swift */ = {isa = PBXFileReference; lastKnownFileType = sourcecode.swift; path = Cancellation.swift; sourceTree = "<group>"; };
		OBJ_36 /* Debouncing.swift */ = {isa = PBXFileReference; lastKnownFileType = sourcecode.swift; path = Debouncing.swift; sourceTree = "<group>"; };
		OBJ_37 /* Timer.swift */ = {isa = PBXFileReference; lastKnownFileType = sourcecode.swift; path = Timer.swift; sourceTree = "<group>"; };
		OBJ_39 /* Create.swift */ = {isa = PBXFileReference; lastKnownFileType = sourcecode.swift; path = Create.swift; sourceTree = "<group>"; };
		OBJ_40 /* Debug.swift */ = {isa = PBXFileReference; lastKnownFileType = sourcecode.swift; path = Debug.swift; sourceTree = "<group>"; };
		OBJ_41 /* Deprecations.swift */ = {isa = PBXFileReference; lastKnownFileType = sourcecode.swift; path = Deprecations.swift; sourceTree = "<group>"; };
		OBJ_42 /* Diff.swift */ = {isa = PBXFileReference; lastKnownFileType = sourcecode.swift; path = Diff.swift; sourceTree = "<group>"; };
		OBJ_43 /* Exports.swift */ = {isa = PBXFileReference; lastKnownFileType = sourcecode.swift; path = Exports.swift; sourceTree = "<group>"; };
		OBJ_44 /* Locking.swift */ = {isa = PBXFileReference; lastKnownFileType = sourcecode.swift; path = Locking.swift; sourceTree = "<group>"; };
		OBJ_45 /* Throttling.swift */ = {isa = PBXFileReference; lastKnownFileType = sourcecode.swift; path = Throttling.swift; sourceTree = "<group>"; };
		OBJ_46 /* Reducer.swift */ = {isa = PBXFileReference; lastKnownFileType = sourcecode.swift; path = Reducer.swift; sourceTree = "<group>"; };
		OBJ_47 /* Store.swift */ = {isa = PBXFileReference; lastKnownFileType = sourcecode.swift; path = Store.swift; sourceTree = "<group>"; };
		OBJ_49 /* ActionSheet.swift */ = {isa = PBXFileReference; lastKnownFileType = sourcecode.swift; path = ActionSheet.swift; sourceTree = "<group>"; };
		OBJ_50 /* Alert.swift */ = {isa = PBXFileReference; lastKnownFileType = sourcecode.swift; path = Alert.swift; sourceTree = "<group>"; };
		OBJ_51 /* Animation.swift */ = {isa = PBXFileReference; lastKnownFileType = sourcecode.swift; path = Animation.swift; sourceTree = "<group>"; };
		OBJ_52 /* Binding.swift */ = {isa = PBXFileReference; lastKnownFileType = sourcecode.swift; path = Binding.swift; sourceTree = "<group>"; };
		OBJ_53 /* ForEachStore.swift */ = {isa = PBXFileReference; lastKnownFileType = sourcecode.swift; path = ForEachStore.swift; sourceTree = "<group>"; };
		OBJ_54 /* Identified.swift */ = {isa = PBXFileReference; lastKnownFileType = sourcecode.swift; path = Identified.swift; sourceTree = "<group>"; };
		OBJ_55 /* IdentifiedArray.swift */ = {isa = PBXFileReference; lastKnownFileType = sourcecode.swift; path = IdentifiedArray.swift; sourceTree = "<group>"; };
		OBJ_56 /* IfLetStore.swift */ = {isa = PBXFileReference; lastKnownFileType = sourcecode.swift; path = IfLetStore.swift; sourceTree = "<group>"; };
		OBJ_57 /* TextState.swift */ = {isa = PBXFileReference; lastKnownFileType = sourcecode.swift; path = TextState.swift; sourceTree = "<group>"; };
		OBJ_58 /* WithViewStore.swift */ = {isa = PBXFileReference; lastKnownFileType = sourcecode.swift; path = WithViewStore.swift; sourceTree = "<group>"; };
		OBJ_6 /* Package.swift */ = {isa = PBXFileReference; explicitFileType = sourcecode.swift; path = Package.swift; sourceTree = "<group>"; };
		OBJ_60 /* FailingEffect.swift */ = {isa = PBXFileReference; lastKnownFileType = sourcecode.swift; path = FailingEffect.swift; sourceTree = "<group>"; };
		OBJ_61 /* TestStore.swift */ = {isa = PBXFileReference; lastKnownFileType = sourcecode.swift; path = TestStore.swift; sourceTree = "<group>"; };
		OBJ_63 /* IfLetUIKit.swift */ = {isa = PBXFileReference; lastKnownFileType = sourcecode.swift; path = IfLetUIKit.swift; sourceTree = "<group>"; };
		OBJ_64 /* ViewStore.swift */ = {isa = PBXFileReference; lastKnownFileType = sourcecode.swift; path = ViewStore.swift; sourceTree = "<group>"; };
		OBJ_65 /* Package.swift */ = {isa = PBXFileReference; explicitFileType = sourcecode.swift; name = Package.swift; path = "/Users/s2dent/Developer/noughty-environment-lib-swift/.build/checkouts/swift-composable-architecture/Package.swift"; sourceTree = "<group>"; };
		OBJ_68 /* CasePath.swift */ = {isa = PBXFileReference; lastKnownFileType = sourcecode.swift; path = CasePath.swift; sourceTree = "<group>"; };
		OBJ_69 /* CasePaths.swift */ = {isa = PBXFileReference; lastKnownFileType = sourcecode.swift; path = CasePaths.swift; sourceTree = "<group>"; };
		OBJ_70 /* EnumReflection.swift */ = {isa = PBXFileReference; lastKnownFileType = sourcecode.swift; path = EnumReflection.swift; sourceTree = "<group>"; };
		OBJ_71 /* Operators.swift */ = {isa = PBXFileReference; lastKnownFileType = sourcecode.swift; path = Operators.swift; sourceTree = "<group>"; };
		OBJ_72 /* Package.swift */ = {isa = PBXFileReference; explicitFileType = sourcecode.swift; name = Package.swift; path = "/Users/s2dent/Developer/noughty-environment-lib-swift/.build/checkouts/swift-case-paths/Package.swift"; sourceTree = "<group>"; };
		OBJ_75 /* AnyScheduler.swift */ = {isa = PBXFileReference; lastKnownFileType = sourcecode.swift; path = AnyScheduler.swift; sourceTree = "<group>"; };
		OBJ_76 /* FailingScheduler.swift */ = {isa = PBXFileReference; lastKnownFileType = sourcecode.swift; path = FailingScheduler.swift; sourceTree = "<group>"; };
		OBJ_77 /* ImmediateScheduler.swift */ = {isa = PBXFileReference; lastKnownFileType = sourcecode.swift; path = ImmediateScheduler.swift; sourceTree = "<group>"; };
		OBJ_79 /* Deprecations.swift */ = {isa = PBXFileReference; lastKnownFileType = sourcecode.swift; path = Deprecations.swift; sourceTree = "<group>"; };
		OBJ_80 /* Lock.swift */ = {isa = PBXFileReference; lastKnownFileType = sourcecode.swift; path = Lock.swift; sourceTree = "<group>"; };
		OBJ_81 /* SwiftUI.swift */ = {isa = PBXFileReference; lastKnownFileType = sourcecode.swift; path = SwiftUI.swift; sourceTree = "<group>"; };
		OBJ_82 /* TestScheduler.swift */ = {isa = PBXFileReference; lastKnownFileType = sourcecode.swift; path = TestScheduler.swift; sourceTree = "<group>"; };
		OBJ_83 /* Timer.swift */ = {isa = PBXFileReference; lastKnownFileType = sourcecode.swift; path = Timer.swift; sourceTree = "<group>"; };
		OBJ_84 /* UIKit.swift */ = {isa = PBXFileReference; lastKnownFileType = sourcecode.swift; path = UIKit.swift; sourceTree = "<group>"; };
		OBJ_85 /* UIScheduler.swift */ = {isa = PBXFileReference; lastKnownFileType = sourcecode.swift; path = UIScheduler.swift; sourceTree = "<group>"; };
		OBJ_86 /* Package.swift */ = {isa = PBXFileReference; explicitFileType = sourcecode.swift; name = Package.swift; path = "/Users/s2dent/Developer/noughty-environment-lib-swift/.build/checkouts/combine-schedulers/Package.swift"; sourceTree = "<group>"; };
		OBJ_89 /* XCTFail.swift */ = {isa = PBXFileReference; lastKnownFileType = sourcecode.swift; path = XCTFail.swift; sourceTree = "<group>"; };
		OBJ_9 /* AppleClient.swift */ = {isa = PBXFileReference; lastKnownFileType = sourcecode.swift; path = AppleClient.swift; sourceTree = "<group>"; };
		OBJ_90 /* Package.swift */ = {isa = PBXFileReference; explicitFileType = sourcecode.swift; name = Package.swift; path = "/Users/s2dent/Developer/noughty-environment-lib-swift/.build/checkouts/xctest-dynamic-overlay/Package.swift"; sourceTree = "<group>"; };
		OBJ_98 /* build */ = {isa = PBXFileReference; lastKnownFileType = folder; path = build; sourceTree = SOURCE_ROOT; };
		OBJ_99 /* README.md */ = {isa = PBXFileReference; lastKnownFileType = net.daringfireball.markdown; path = README.md; sourceTree = "<group>"; };
		"combine-schedulers::CombineSchedulers::Product" /* CombineSchedulers.framework */ = {isa = PBXFileReference; lastKnownFileType = wrapper.framework; path = CombineSchedulers.framework; sourceTree = BUILT_PRODUCTS_DIR; };
		"swift-case-paths::CasePaths::Product" /* CasePaths.framework */ = {isa = PBXFileReference; lastKnownFileType = wrapper.framework; path = CasePaths.framework; sourceTree = BUILT_PRODUCTS_DIR; };
		"swift-composable-architecture::ComposableArchitecture::Product" /* ComposableArchitecture.framework */ = {isa = PBXFileReference; lastKnownFileType = wrapper.framework; path = ComposableArchitecture.framework; sourceTree = BUILT_PRODUCTS_DIR; };
		"xctest-dynamic-overlay::XCTestDynamicOverlay::Product" /* XCTestDynamicOverlay.framework */ = {isa = PBXFileReference; lastKnownFileType = wrapper.framework; path = XCTestDynamicOverlay.framework; sourceTree = BUILT_PRODUCTS_DIR; };
/* End PBXFileReference section */

/* Begin PBXFrameworksBuildPhase section */
		OBJ_109 /* Frameworks */ = {
			isa = PBXFrameworksBuildPhase;
			buildActionMask = 0;
			files = (
			);
			runOnlyForDeploymentPostprocessing = 0;
		};
		OBJ_125 /* Frameworks */ = {
			isa = PBXFrameworksBuildPhase;
			buildActionMask = 0;
			files = (
				OBJ_126 /* XCTestDynamicOverlay.framework in Frameworks */,
			);
			runOnlyForDeploymentPostprocessing = 0;
		};
		OBJ_163 /* Frameworks */ = {
			isa = PBXFrameworksBuildPhase;
			buildActionMask = 0;
			files = (
				OBJ_164 /* CombineSchedulers.framework in Frameworks */,
				OBJ_165 /* XCTestDynamicOverlay.framework in Frameworks */,
				OBJ_166 /* CasePaths.framework in Frameworks */,
			);
			runOnlyForDeploymentPostprocessing = 0;
		};
		OBJ_178 /* Frameworks */ = {
			isa = PBXFrameworksBuildPhase;
			buildActionMask = 0;
			files = (
			);
			runOnlyForDeploymentPostprocessing = 0;
		};
		OBJ_200 /* Frameworks */ = {
			isa = PBXFrameworksBuildPhase;
			buildActionMask = 0;
			files = (
				OBJ_201 /* KeychainSwift.framework in Frameworks */,
				OBJ_202 /* ComposableArchitecture.framework in Frameworks */,
				OBJ_203 /* CombineSchedulers.framework in Frameworks */,
				OBJ_204 /* XCTestDynamicOverlay.framework in Frameworks */,
				OBJ_205 /* CasePaths.framework in Frameworks */,
			);
			runOnlyForDeploymentPostprocessing = 0;
		};
		OBJ_222 /* Frameworks */ = {
			isa = PBXFrameworksBuildPhase;
			buildActionMask = 0;
			files = (
			);
			runOnlyForDeploymentPostprocessing = 0;
		};
/* End PBXFrameworksBuildPhase section */

/* Begin PBXGroup section */
		690EF6C72632BEF4006E2DEF /* Extensions */ = {
			isa = PBXGroup;
			children = (
				690EF6C82632BEFF006E2DEF /* NSObjectProtocolExtensions.swift */,
			);
			path = Extensions;
			sourceTree = "<group>";
		};
		OBJ_17 /* PushNotifications */ = {
			isa = PBXGroup;
			children = (
				OBJ_18 /* RemoteNotificationsClient.swift */,
				OBJ_19 /* UserNotificationsClient.swift */,
				69446C372635756D00486CBD /* Notifications+ComposableArchitecture.swift */,
			);
			path = PushNotifications;
			sourceTree = "<group>";
		};
		OBJ_21 /* Tests */ = {
			isa = PBXGroup;
			children = (
			);
			name = Tests;
			sourceTree = SOURCE_ROOT;
		};
		OBJ_22 /* Dependencies */ = {
			isa = PBXGroup;
			children = (
				OBJ_23 /* KeychainSwift 19.0.0 */,
				OBJ_28 /* swift-composable-architecture 0.18.0 */,
				OBJ_66 /* swift-case-paths 0.2.0 */,
				OBJ_73 /* combine-schedulers 0.5.0 */,
				OBJ_87 /* xctest-dynamic-overlay 0.1.0 */,
			);
			name = Dependencies;
			sourceTree = "<group>";
		};
		OBJ_23 /* KeychainSwift 19.0.0 */ = {
			isa = PBXGroup;
			children = (
				OBJ_24 /* Package.swift */,
				OBJ_25 /* KeychainSwift.swift */,
				OBJ_26 /* KeychainSwiftAccessOptions.swift */,
				OBJ_27 /* TegKeychainConstants.swift */,
			);
			name = "KeychainSwift 19.0.0";
			path = ".build/checkouts/keychain-swift/Sources";
			sourceTree = SOURCE_ROOT;
		};
		OBJ_28 /* swift-composable-architecture 0.18.0 */ = {
			isa = PBXGroup;
			children = (
				OBJ_29 /* ComposableArchitecture */,
				OBJ_65 /* Package.swift */,
			);
			name = "swift-composable-architecture 0.18.0";
			sourceTree = SOURCE_ROOT;
		};
		OBJ_29 /* ComposableArchitecture */ = {
			isa = PBXGroup;
			children = (
				OBJ_30 /* Debugging */,
				OBJ_33 /* Effect.swift */,
				OBJ_34 /* Effects */,
				OBJ_38 /* Internal */,
				OBJ_46 /* Reducer.swift */,
				OBJ_47 /* Store.swift */,
				OBJ_48 /* SwiftUI */,
				OBJ_59 /* TestSupport */,
				OBJ_62 /* UIKit */,
				OBJ_64 /* ViewStore.swift */,
			);
			name = ComposableArchitecture;
			path = ".build/checkouts/swift-composable-architecture/Sources/ComposableArchitecture";
			sourceTree = SOURCE_ROOT;
		};
		OBJ_30 /* Debugging */ = {
			isa = PBXGroup;
			children = (
				OBJ_31 /* ReducerDebugging.swift */,
				OBJ_32 /* ReducerInstrumentation.swift */,
			);
			path = Debugging;
			sourceTree = "<group>";
		};
		OBJ_34 /* Effects */ = {
			isa = PBXGroup;
			children = (
				OBJ_35 /* Cancellation.swift */,
				OBJ_36 /* Debouncing.swift */,
				OBJ_37 /* Timer.swift */,
			);
			path = Effects;
			sourceTree = "<group>";
		};
		OBJ_38 /* Internal */ = {
			isa = PBXGroup;
			children = (
				OBJ_39 /* Create.swift */,
				OBJ_40 /* Debug.swift */,
				OBJ_41 /* Deprecations.swift */,
				OBJ_42 /* Diff.swift */,
				OBJ_43 /* Exports.swift */,
				OBJ_44 /* Locking.swift */,
				OBJ_45 /* Throttling.swift */,
			);
			path = Internal;
			sourceTree = "<group>";
		};
		OBJ_48 /* SwiftUI */ = {
			isa = PBXGroup;
			children = (
				OBJ_49 /* ActionSheet.swift */,
				OBJ_50 /* Alert.swift */,
				OBJ_51 /* Animation.swift */,
				OBJ_52 /* Binding.swift */,
				OBJ_53 /* ForEachStore.swift */,
				OBJ_54 /* Identified.swift */,
				OBJ_55 /* IdentifiedArray.swift */,
				OBJ_56 /* IfLetStore.swift */,
				OBJ_57 /* TextState.swift */,
				OBJ_58 /* WithViewStore.swift */,
			);
			path = SwiftUI;
			sourceTree = "<group>";
		};
		OBJ_5 = {
			isa = PBXGroup;
			children = (
				OBJ_6 /* Package.swift */,
				OBJ_7 /* Sources */,
				OBJ_21 /* Tests */,
				OBJ_22 /* Dependencies */,
				OBJ_91 /* Products */,
				OBJ_98 /* build */,
				OBJ_99 /* README.md */,
			);
			sourceTree = "<group>";
		};
		OBJ_59 /* TestSupport */ = {
			isa = PBXGroup;
			children = (
				OBJ_60 /* FailingEffect.swift */,
				OBJ_61 /* TestStore.swift */,
			);
			path = TestSupport;
			sourceTree = "<group>";
		};
		OBJ_62 /* UIKit */ = {
			isa = PBXGroup;
			children = (
				OBJ_63 /* IfLetUIKit.swift */,
			);
			path = UIKit;
			sourceTree = "<group>";
		};
		OBJ_66 /* swift-case-paths 0.2.0 */ = {
			isa = PBXGroup;
			children = (
				OBJ_67 /* CasePaths */,
				OBJ_72 /* Package.swift */,
			);
			name = "swift-case-paths 0.2.0";
			sourceTree = SOURCE_ROOT;
		};
		OBJ_67 /* CasePaths */ = {
			isa = PBXGroup;
			children = (
				OBJ_68 /* CasePath.swift */,
				OBJ_69 /* CasePaths.swift */,
				OBJ_70 /* EnumReflection.swift */,
				OBJ_71 /* Operators.swift */,
			);
			name = CasePaths;
			path = ".build/checkouts/swift-case-paths/Sources/CasePaths";
			sourceTree = SOURCE_ROOT;
		};
		OBJ_7 /* Sources */ = {
			isa = PBXGroup;
			children = (
				690EF6C72632BEF4006E2DEF /* Extensions */,
				OBJ_8 /* Authentication */,
				OBJ_17 /* PushNotifications */,
				OBJ_10 /* DateProvider.swift */,
				OBJ_11 /* Either.swift */,
				OBJ_12 /* KeychainClient.swift */,
				OBJ_16 /* NotificationCenterClient.swift */,
				OBJ_20 /* TimerClient.swift */,
			);
			path = Sources;
			sourceTree = SOURCE_ROOT;
		};
		OBJ_73 /* combine-schedulers 0.5.0 */ = {
			isa = PBXGroup;
			children = (
				OBJ_74 /* CombineSchedulers */,
				OBJ_86 /* Package.swift */,
			);
			name = "combine-schedulers 0.5.0";
			sourceTree = SOURCE_ROOT;
		};
		OBJ_74 /* CombineSchedulers */ = {
			isa = PBXGroup;
			children = (
				OBJ_75 /* AnyScheduler.swift */,
				OBJ_76 /* FailingScheduler.swift */,
				OBJ_77 /* ImmediateScheduler.swift */,
				OBJ_78 /* Internal */,
				OBJ_81 /* SwiftUI.swift */,
				OBJ_82 /* TestScheduler.swift */,
				OBJ_83 /* Timer.swift */,
				OBJ_84 /* UIKit.swift */,
				OBJ_85 /* UIScheduler.swift */,
			);
			name = CombineSchedulers;
			path = ".build/checkouts/combine-schedulers/Sources/CombineSchedulers";
			sourceTree = SOURCE_ROOT;
		};
		OBJ_78 /* Internal */ = {
			isa = PBXGroup;
			children = (
				OBJ_79 /* Deprecations.swift */,
				OBJ_80 /* Lock.swift */,
			);
			path = Internal;
			sourceTree = "<group>";
		};
		OBJ_8 /* Authentication */ = {
			isa = PBXGroup;
			children = (
				OBJ_9 /* AppleClient.swift */,
			);
			path = Authentication;
			sourceTree = "<group>";
		};
		OBJ_87 /* xctest-dynamic-overlay 0.1.0 */ = {
			isa = PBXGroup;
			children = (
				OBJ_88 /* XCTestDynamicOverlay */,
				OBJ_90 /* Package.swift */,
			);
			name = "xctest-dynamic-overlay 0.1.0";
			sourceTree = SOURCE_ROOT;
		};
		OBJ_88 /* XCTestDynamicOverlay */ = {
			isa = PBXGroup;
			children = (
				OBJ_89 /* XCTFail.swift */,
			);
			name = XCTestDynamicOverlay;
			path = ".build/checkouts/xctest-dynamic-overlay/Sources/XCTestDynamicOverlay";
			sourceTree = SOURCE_ROOT;
		};
		OBJ_91 /* Products */ = {
			isa = PBXGroup;
			children = (
				"KeychainSwift::KeychainSwift::Product" /* KeychainSwift.framework */,
				"combine-schedulers::CombineSchedulers::Product" /* CombineSchedulers.framework */,
				"swift-case-paths::CasePaths::Product" /* CasePaths.framework */,
				"NoughtyEnvironment::NoughtyEnvironment::Product" /* NoughtyEnvironment.framework */,
				"swift-composable-architecture::ComposableArchitecture::Product" /* ComposableArchitecture.framework */,
				"xctest-dynamic-overlay::XCTestDynamicOverlay::Product" /* XCTestDynamicOverlay.framework */,
			);
			name = Products;
			sourceTree = BUILT_PRODUCTS_DIR;
		};
/* End PBXGroup section */

/* Begin PBXNativeTarget section */
		"KeychainSwift::KeychainSwift" /* KeychainSwift */ = {
			isa = PBXNativeTarget;
			buildConfigurationList = OBJ_171 /* Build configuration list for PBXNativeTarget "KeychainSwift" */;
			buildPhases = (
				OBJ_174 /* Sources */,
				OBJ_178 /* Frameworks */,
			);
			buildRules = (
			);
			dependencies = (
			);
			name = KeychainSwift;
			productName = KeychainSwift;
			productReference = "KeychainSwift::KeychainSwift::Product" /* KeychainSwift.framework */;
			productType = "com.apple.product-type.framework";
		};
		"KeychainSwift::SwiftPMPackageDescription" /* KeychainSwiftPackageDescription */ = {
			isa = PBXNativeTarget;
			buildConfigurationList = OBJ_180 /* Build configuration list for PBXNativeTarget "KeychainSwiftPackageDescription" */;
			buildPhases = (
				OBJ_183 /* Sources */,
			);
			buildRules = (
			);
			dependencies = (
			);
			name = KeychainSwiftPackageDescription;
			productName = KeychainSwiftPackageDescription;
			productType = "com.apple.product-type.framework";
		};
		"NoughtyEnvironment::NoughtyEnvironment" /* NoughtyEnvironment */ = {
			isa = PBXNativeTarget;
			buildConfigurationList = OBJ_186 /* Build configuration list for PBXNativeTarget "NoughtyEnvironment" */;
			buildPhases = (
				OBJ_189 /* Sources */,
				OBJ_200 /* Frameworks */,
			);
			buildRules = (
			);
			dependencies = (
				OBJ_206 /* PBXTargetDependency */,
				OBJ_207 /* PBXTargetDependency */,
				OBJ_208 /* PBXTargetDependency */,
				OBJ_209 /* PBXTargetDependency */,
				OBJ_210 /* PBXTargetDependency */,
			);
			name = NoughtyEnvironment;
			productName = NoughtyEnvironment;
			productReference = "NoughtyEnvironment::NoughtyEnvironment::Product" /* NoughtyEnvironment.framework */;
			productType = "com.apple.product-type.framework";
		};
		"NoughtyEnvironment::SwiftPMPackageDescription" /* NoughtyEnvironmentPackageDescription */ = {
			isa = PBXNativeTarget;
			buildConfigurationList = OBJ_212 /* Build configuration list for PBXNativeTarget "NoughtyEnvironmentPackageDescription" */;
			buildPhases = (
				OBJ_215 /* Sources */,
			);
			buildRules = (
			);
			dependencies = (
			);
			name = NoughtyEnvironmentPackageDescription;
			productName = NoughtyEnvironmentPackageDescription;
			productType = "com.apple.product-type.framework";
		};
		"combine-schedulers::CombineSchedulers" /* CombineSchedulers */ = {
			isa = PBXNativeTarget;
			buildConfigurationList = OBJ_111 /* Build configuration list for PBXNativeTarget "CombineSchedulers" */;
			buildPhases = (
				OBJ_114 /* Sources */,
				OBJ_125 /* Frameworks */,
			);
			buildRules = (
			);
			dependencies = (
				OBJ_127 /* PBXTargetDependency */,
			);
			name = CombineSchedulers;
			productName = CombineSchedulers;
			productReference = "combine-schedulers::CombineSchedulers::Product" /* CombineSchedulers.framework */;
			productType = "com.apple.product-type.framework";
		};
		"combine-schedulers::SwiftPMPackageDescription" /* combine-schedulersPackageDescription */ = {
			isa = PBXNativeTarget;
			buildConfigurationList = OBJ_224 /* Build configuration list for PBXNativeTarget "combine-schedulersPackageDescription" */;
			buildPhases = (
				OBJ_227 /* Sources */,
			);
			buildRules = (
			);
			dependencies = (
			);
			name = "combine-schedulersPackageDescription";
			productName = "combine-schedulersPackageDescription";
			productType = "com.apple.product-type.framework";
		};
		"swift-case-paths::CasePaths" /* CasePaths */ = {
			isa = PBXNativeTarget;
			buildConfigurationList = OBJ_101 /* Build configuration list for PBXNativeTarget "CasePaths" */;
			buildPhases = (
				OBJ_104 /* Sources */,
				OBJ_109 /* Frameworks */,
			);
			buildRules = (
			);
			dependencies = (
			);
			name = CasePaths;
			productName = CasePaths;
			productReference = "swift-case-paths::CasePaths::Product" /* CasePaths.framework */;
			productType = "com.apple.product-type.framework";
		};
		"swift-case-paths::SwiftPMPackageDescription" /* swift-case-pathsPackageDescription */ = {
			isa = PBXNativeTarget;
			buildConfigurationList = OBJ_230 /* Build configuration list for PBXNativeTarget "swift-case-pathsPackageDescription" */;
			buildPhases = (
				OBJ_233 /* Sources */,
			);
			buildRules = (
			);
			dependencies = (
			);
			name = "swift-case-pathsPackageDescription";
			productName = "swift-case-pathsPackageDescription";
			productType = "com.apple.product-type.framework";
		};
		"swift-composable-architecture::ComposableArchitecture" /* ComposableArchitecture */ = {
			isa = PBXNativeTarget;
			buildConfigurationList = OBJ_130 /* Build configuration list for PBXNativeTarget "ComposableArchitecture" */;
			buildPhases = (
				OBJ_133 /* Sources */,
				OBJ_163 /* Frameworks */,
			);
			buildRules = (
			);
			dependencies = (
				OBJ_167 /* PBXTargetDependency */,
				OBJ_168 /* PBXTargetDependency */,
				OBJ_169 /* PBXTargetDependency */,
			);
			name = ComposableArchitecture;
			productName = ComposableArchitecture;
			productReference = "swift-composable-architecture::ComposableArchitecture::Product" /* ComposableArchitecture.framework */;
			productType = "com.apple.product-type.framework";
		};
		"swift-composable-architecture::SwiftPMPackageDescription" /* swift-composable-architecturePackageDescription */ = {
			isa = PBXNativeTarget;
			buildConfigurationList = OBJ_236 /* Build configuration list for PBXNativeTarget "swift-composable-architecturePackageDescription" */;
			buildPhases = (
				OBJ_239 /* Sources */,
			);
			buildRules = (
			);
			dependencies = (
			);
			name = "swift-composable-architecturePackageDescription";
			productName = "swift-composable-architecturePackageDescription";
			productType = "com.apple.product-type.framework";
		};
		"xctest-dynamic-overlay::SwiftPMPackageDescription" /* xctest-dynamic-overlayPackageDescription */ = {
			isa = PBXNativeTarget;
			buildConfigurationList = OBJ_242 /* Build configuration list for PBXNativeTarget "xctest-dynamic-overlayPackageDescription" */;
			buildPhases = (
				OBJ_245 /* Sources */,
			);
			buildRules = (
			);
			dependencies = (
			);
			name = "xctest-dynamic-overlayPackageDescription";
			productName = "xctest-dynamic-overlayPackageDescription";
			productType = "com.apple.product-type.framework";
		};
		"xctest-dynamic-overlay::XCTestDynamicOverlay" /* XCTestDynamicOverlay */ = {
			isa = PBXNativeTarget;
			buildConfigurationList = OBJ_217 /* Build configuration list for PBXNativeTarget "XCTestDynamicOverlay" */;
			buildPhases = (
				OBJ_220 /* Sources */,
				OBJ_222 /* Frameworks */,
			);
			buildRules = (
			);
			dependencies = (
			);
			name = XCTestDynamicOverlay;
			productName = XCTestDynamicOverlay;
			productReference = "xctest-dynamic-overlay::XCTestDynamicOverlay::Product" /* XCTestDynamicOverlay.framework */;
			productType = "com.apple.product-type.framework";
		};
/* End PBXNativeTarget section */

/* Begin PBXProject section */
		OBJ_1 /* Project object */ = {
			isa = PBXProject;
			attributes = {
				LastSwiftMigration = 9999;
				LastUpgradeCheck = 9999;
			};
			buildConfigurationList = OBJ_2 /* Build configuration list for PBXProject "NoughtyEnvironment" */;
			compatibilityVersion = "Xcode 3.2";
			developmentRegion = en;
			hasScannedForEncodings = 0;
			knownRegions = (
				en,
			);
			mainGroup = OBJ_5;
			productRefGroup = OBJ_91 /* Products */;
			projectDirPath = "";
			projectRoot = "";
			targets = (
				"swift-case-paths::CasePaths" /* CasePaths */,
				"combine-schedulers::CombineSchedulers" /* CombineSchedulers */,
				"swift-composable-architecture::ComposableArchitecture" /* ComposableArchitecture */,
				"KeychainSwift::KeychainSwift" /* KeychainSwift */,
				"KeychainSwift::SwiftPMPackageDescription" /* KeychainSwiftPackageDescription */,
				"NoughtyEnvironment::NoughtyEnvironment" /* NoughtyEnvironment */,
				"NoughtyEnvironment::SwiftPMPackageDescription" /* NoughtyEnvironmentPackageDescription */,
				"xctest-dynamic-overlay::XCTestDynamicOverlay" /* XCTestDynamicOverlay */,
				"combine-schedulers::SwiftPMPackageDescription" /* combine-schedulersPackageDescription */,
				"swift-case-paths::SwiftPMPackageDescription" /* swift-case-pathsPackageDescription */,
				"swift-composable-architecture::SwiftPMPackageDescription" /* swift-composable-architecturePackageDescription */,
				"xctest-dynamic-overlay::SwiftPMPackageDescription" /* xctest-dynamic-overlayPackageDescription */,
			);
		};
/* End PBXProject section */

/* Begin PBXSourcesBuildPhase section */
		OBJ_104 /* Sources */ = {
			isa = PBXSourcesBuildPhase;
			buildActionMask = 0;
			files = (
				OBJ_105 /* CasePath.swift in Sources */,
				OBJ_106 /* CasePaths.swift in Sources */,
				OBJ_107 /* EnumReflection.swift in Sources */,
				OBJ_108 /* Operators.swift in Sources */,
			);
			runOnlyForDeploymentPostprocessing = 0;
		};
		OBJ_114 /* Sources */ = {
			isa = PBXSourcesBuildPhase;
			buildActionMask = 0;
			files = (
				OBJ_115 /* AnyScheduler.swift in Sources */,
				OBJ_116 /* FailingScheduler.swift in Sources */,
				OBJ_117 /* ImmediateScheduler.swift in Sources */,
				OBJ_118 /* Deprecations.swift in Sources */,
				OBJ_119 /* Lock.swift in Sources */,
				OBJ_120 /* SwiftUI.swift in Sources */,
				OBJ_121 /* TestScheduler.swift in Sources */,
				OBJ_122 /* Timer.swift in Sources */,
				OBJ_123 /* UIKit.swift in Sources */,
				OBJ_124 /* UIScheduler.swift in Sources */,
			);
			runOnlyForDeploymentPostprocessing = 0;
		};
		OBJ_133 /* Sources */ = {
			isa = PBXSourcesBuildPhase;
			buildActionMask = 0;
			files = (
				OBJ_134 /* ReducerDebugging.swift in Sources */,
				OBJ_135 /* ReducerInstrumentation.swift in Sources */,
				OBJ_136 /* Effect.swift in Sources */,
				OBJ_137 /* Cancellation.swift in Sources */,
				OBJ_138 /* Debouncing.swift in Sources */,
				OBJ_139 /* Timer.swift in Sources */,
				OBJ_140 /* Create.swift in Sources */,
				OBJ_141 /* Debug.swift in Sources */,
				OBJ_142 /* Deprecations.swift in Sources */,
				OBJ_143 /* Diff.swift in Sources */,
				OBJ_144 /* Exports.swift in Sources */,
				OBJ_145 /* Locking.swift in Sources */,
				OBJ_146 /* Throttling.swift in Sources */,
				OBJ_147 /* Reducer.swift in Sources */,
				OBJ_148 /* Store.swift in Sources */,
				OBJ_149 /* ActionSheet.swift in Sources */,
				OBJ_150 /* Alert.swift in Sources */,
				OBJ_151 /* Animation.swift in Sources */,
				OBJ_152 /* Binding.swift in Sources */,
				OBJ_153 /* ForEachStore.swift in Sources */,
				OBJ_154 /* Identified.swift in Sources */,
				OBJ_155 /* IdentifiedArray.swift in Sources */,
				OBJ_156 /* IfLetStore.swift in Sources */,
				OBJ_157 /* TextState.swift in Sources */,
				OBJ_158 /* WithViewStore.swift in Sources */,
				OBJ_159 /* FailingEffect.swift in Sources */,
				OBJ_160 /* TestStore.swift in Sources */,
				OBJ_161 /* IfLetUIKit.swift in Sources */,
				OBJ_162 /* ViewStore.swift in Sources */,
			);
			runOnlyForDeploymentPostprocessing = 0;
		};
		OBJ_174 /* Sources */ = {
			isa = PBXSourcesBuildPhase;
			buildActionMask = 0;
			files = (
				OBJ_175 /* KeychainSwift.swift in Sources */,
				OBJ_176 /* KeychainSwiftAccessOptions.swift in Sources */,
				OBJ_177 /* TegKeychainConstants.swift in Sources */,
			);
			runOnlyForDeploymentPostprocessing = 0;
		};
		OBJ_183 /* Sources */ = {
			isa = PBXSourcesBuildPhase;
			buildActionMask = 0;
			files = (
				OBJ_184 /* Package.swift in Sources */,
			);
			runOnlyForDeploymentPostprocessing = 0;
		};
		OBJ_189 /* Sources */ = {
			isa = PBXSourcesBuildPhase;
			buildActionMask = 0;
			files = (
				OBJ_190 /* AppleClient.swift in Sources */,
				OBJ_191 /* DateProvider.swift in Sources */,
				OBJ_192 /* Either.swift in Sources */,
				OBJ_193 /* KeychainClient.swift in Sources */,
				OBJ_196 /* NotificationCenterClient.swift in Sources */,
				OBJ_197 /* RemoteNotificationsClient.swift in Sources */,
				OBJ_198 /* UserNotificationsClient.swift in Sources */,
				690EF6C92632BEFF006E2DEF /* NSObjectProtocolExtensions.swift in Sources */,
				69446C382635756D00486CBD /* Notifications+ComposableArchitecture.swift in Sources */,
				OBJ_199 /* TimerClient.swift in Sources */,
			);
			runOnlyForDeploymentPostprocessing = 0;
		};
		OBJ_215 /* Sources */ = {
			isa = PBXSourcesBuildPhase;
			buildActionMask = 0;
			files = (
				OBJ_216 /* Package.swift in Sources */,
			);
			runOnlyForDeploymentPostprocessing = 0;
		};
		OBJ_220 /* Sources */ = {
			isa = PBXSourcesBuildPhase;
			buildActionMask = 0;
			files = (
				OBJ_221 /* XCTFail.swift in Sources */,
			);
			runOnlyForDeploymentPostprocessing = 0;
		};
		OBJ_227 /* Sources */ = {
			isa = PBXSourcesBuildPhase;
			buildActionMask = 0;
			files = (
				OBJ_228 /* Package.swift in Sources */,
			);
			runOnlyForDeploymentPostprocessing = 0;
		};
		OBJ_233 /* Sources */ = {
			isa = PBXSourcesBuildPhase;
			buildActionMask = 0;
			files = (
				OBJ_234 /* Package.swift in Sources */,
			);
			runOnlyForDeploymentPostprocessing = 0;
		};
		OBJ_239 /* Sources */ = {
			isa = PBXSourcesBuildPhase;
			buildActionMask = 0;
			files = (
				OBJ_240 /* Package.swift in Sources */,
			);
			runOnlyForDeploymentPostprocessing = 0;
		};
		OBJ_245 /* Sources */ = {
			isa = PBXSourcesBuildPhase;
			buildActionMask = 0;
			files = (
				OBJ_246 /* Package.swift in Sources */,
			);
			runOnlyForDeploymentPostprocessing = 0;
		};
/* End PBXSourcesBuildPhase section */

/* Begin PBXTargetDependency section */
		OBJ_127 /* PBXTargetDependency */ = {
			isa = PBXTargetDependency;
			target = "xctest-dynamic-overlay::XCTestDynamicOverlay" /* XCTestDynamicOverlay */;
			targetProxy = 690EF6B52632BEB2006E2DEF /* PBXContainerItemProxy */;
		};
		OBJ_167 /* PBXTargetDependency */ = {
			isa = PBXTargetDependency;
			target = "combine-schedulers::CombineSchedulers" /* CombineSchedulers */;
			targetProxy = 690EF6B42632BEB2006E2DEF /* PBXContainerItemProxy */;
		};
		OBJ_168 /* PBXTargetDependency */ = {
			isa = PBXTargetDependency;
			target = "xctest-dynamic-overlay::XCTestDynamicOverlay" /* XCTestDynamicOverlay */;
			targetProxy = 690EF6B62632BEB2006E2DEF /* PBXContainerItemProxy */;
		};
		OBJ_169 /* PBXTargetDependency */ = {
			isa = PBXTargetDependency;
			target = "swift-case-paths::CasePaths" /* CasePaths */;
			targetProxy = 690EF6B72632BEB2006E2DEF /* PBXContainerItemProxy */;
		};
		OBJ_206 /* PBXTargetDependency */ = {
			isa = PBXTargetDependency;
			target = "KeychainSwift::KeychainSwift" /* KeychainSwift */;
			targetProxy = 690EF6B22632BEB2006E2DEF /* PBXContainerItemProxy */;
		};
		OBJ_207 /* PBXTargetDependency */ = {
			isa = PBXTargetDependency;
			target = "swift-composable-architecture::ComposableArchitecture" /* ComposableArchitecture */;
			targetProxy = 690EF6B32632BEB2006E2DEF /* PBXContainerItemProxy */;
		};
		OBJ_208 /* PBXTargetDependency */ = {
			isa = PBXTargetDependency;
			target = "combine-schedulers::CombineSchedulers" /* CombineSchedulers */;
			targetProxy = 690EF6B82632BEB2006E2DEF /* PBXContainerItemProxy */;
		};
		OBJ_209 /* PBXTargetDependency */ = {
			isa = PBXTargetDependency;
			target = "xctest-dynamic-overlay::XCTestDynamicOverlay" /* XCTestDynamicOverlay */;
			targetProxy = 690EF6B92632BEB2006E2DEF /* PBXContainerItemProxy */;
		};
		OBJ_210 /* PBXTargetDependency */ = {
			isa = PBXTargetDependency;
			target = "swift-case-paths::CasePaths" /* CasePaths */;
			targetProxy = 690EF6BA2632BEB2006E2DEF /* PBXContainerItemProxy */;
		};
/* End PBXTargetDependency section */

/* Begin XCBuildConfiguration section */
		OBJ_102 /* Debug */ = {
			isa = XCBuildConfiguration;
			buildSettings = {
				ENABLE_TESTABILITY = YES;
				FRAMEWORK_SEARCH_PATHS = (
					"$(inherited)",
					"$(PLATFORM_DIR)/Developer/Library/Frameworks",
				);
				HEADER_SEARCH_PATHS = "$(inherited)";
				INFOPLIST_FILE = NoughtyEnvironment.xcodeproj/CasePaths_Info.plist;
				IPHONEOS_DEPLOYMENT_TARGET = 9.0;
				LD_RUNPATH_SEARCH_PATHS = "$(inherited) $(TOOLCHAIN_DIR)/usr/lib/swift/macosx";
				MACOSX_DEPLOYMENT_TARGET = 10.10;
				OTHER_CFLAGS = "$(inherited)";
				OTHER_LDFLAGS = "$(inherited)";
				OTHER_SWIFT_FLAGS = "$(inherited)";
				PRODUCT_BUNDLE_IDENTIFIER = CasePaths;
				PRODUCT_MODULE_NAME = "$(TARGET_NAME:c99extidentifier)";
				PRODUCT_NAME = "$(TARGET_NAME:c99extidentifier)";
				SKIP_INSTALL = YES;
				SWIFT_ACTIVE_COMPILATION_CONDITIONS = "$(inherited)";
				SWIFT_VERSION = 5.0;
				TARGET_NAME = CasePaths;
				TVOS_DEPLOYMENT_TARGET = 9.0;
				WATCHOS_DEPLOYMENT_TARGET = 2.0;
			};
			name = Debug;
		};
		OBJ_103 /* Release */ = {
			isa = XCBuildConfiguration;
			buildSettings = {
				ENABLE_TESTABILITY = YES;
				FRAMEWORK_SEARCH_PATHS = (
					"$(inherited)",
					"$(PLATFORM_DIR)/Developer/Library/Frameworks",
				);
				HEADER_SEARCH_PATHS = "$(inherited)";
				INFOPLIST_FILE = NoughtyEnvironment.xcodeproj/CasePaths_Info.plist;
				IPHONEOS_DEPLOYMENT_TARGET = 9.0;
				LD_RUNPATH_SEARCH_PATHS = "$(inherited) $(TOOLCHAIN_DIR)/usr/lib/swift/macosx";
				MACOSX_DEPLOYMENT_TARGET = 10.10;
				OTHER_CFLAGS = "$(inherited)";
				OTHER_LDFLAGS = "$(inherited)";
				OTHER_SWIFT_FLAGS = "$(inherited)";
				PRODUCT_BUNDLE_IDENTIFIER = CasePaths;
				PRODUCT_MODULE_NAME = "$(TARGET_NAME:c99extidentifier)";
				PRODUCT_NAME = "$(TARGET_NAME:c99extidentifier)";
				SKIP_INSTALL = YES;
				SWIFT_ACTIVE_COMPILATION_CONDITIONS = "$(inherited)";
				SWIFT_VERSION = 5.0;
				TARGET_NAME = CasePaths;
				TVOS_DEPLOYMENT_TARGET = 9.0;
				WATCHOS_DEPLOYMENT_TARGET = 2.0;
			};
			name = Release;
		};
		OBJ_112 /* Debug */ = {
			isa = XCBuildConfiguration;
			buildSettings = {
				ENABLE_TESTABILITY = YES;
				FRAMEWORK_SEARCH_PATHS = (
					"$(inherited)",
					"$(PLATFORM_DIR)/Developer/Library/Frameworks",
				);
				HEADER_SEARCH_PATHS = "$(inherited)";
				INFOPLIST_FILE = NoughtyEnvironment.xcodeproj/CombineSchedulers_Info.plist;
				IPHONEOS_DEPLOYMENT_TARGET = 10.0;
				LD_RUNPATH_SEARCH_PATHS = "$(inherited) $(TOOLCHAIN_DIR)/usr/lib/swift/macosx";
				MACOSX_DEPLOYMENT_TARGET = 10.12;
				OTHER_CFLAGS = "$(inherited)";
				OTHER_LDFLAGS = "$(inherited)";
				OTHER_SWIFT_FLAGS = "$(inherited)";
				PRODUCT_BUNDLE_IDENTIFIER = CombineSchedulers;
				PRODUCT_MODULE_NAME = "$(TARGET_NAME:c99extidentifier)";
				PRODUCT_NAME = "$(TARGET_NAME:c99extidentifier)";
				SKIP_INSTALL = YES;
				SWIFT_ACTIVE_COMPILATION_CONDITIONS = "$(inherited)";
				SWIFT_VERSION = 5.0;
				TARGET_NAME = CombineSchedulers;
				TVOS_DEPLOYMENT_TARGET = 10.0;
				WATCHOS_DEPLOYMENT_TARGET = 3.0;
			};
			name = Debug;
		};
		OBJ_113 /* Release */ = {
			isa = XCBuildConfiguration;
			buildSettings = {
				ENABLE_TESTABILITY = YES;
				FRAMEWORK_SEARCH_PATHS = (
					"$(inherited)",
					"$(PLATFORM_DIR)/Developer/Library/Frameworks",
				);
				HEADER_SEARCH_PATHS = "$(inherited)";
				INFOPLIST_FILE = NoughtyEnvironment.xcodeproj/CombineSchedulers_Info.plist;
				IPHONEOS_DEPLOYMENT_TARGET = 10.0;
				LD_RUNPATH_SEARCH_PATHS = "$(inherited) $(TOOLCHAIN_DIR)/usr/lib/swift/macosx";
				MACOSX_DEPLOYMENT_TARGET = 10.12;
				OTHER_CFLAGS = "$(inherited)";
				OTHER_LDFLAGS = "$(inherited)";
				OTHER_SWIFT_FLAGS = "$(inherited)";
				PRODUCT_BUNDLE_IDENTIFIER = CombineSchedulers;
				PRODUCT_MODULE_NAME = "$(TARGET_NAME:c99extidentifier)";
				PRODUCT_NAME = "$(TARGET_NAME:c99extidentifier)";
				SKIP_INSTALL = YES;
				SWIFT_ACTIVE_COMPILATION_CONDITIONS = "$(inherited)";
				SWIFT_VERSION = 5.0;
				TARGET_NAME = CombineSchedulers;
				TVOS_DEPLOYMENT_TARGET = 10.0;
				WATCHOS_DEPLOYMENT_TARGET = 3.0;
			};
			name = Release;
		};
		OBJ_131 /* Debug */ = {
			isa = XCBuildConfiguration;
			buildSettings = {
				ENABLE_TESTABILITY = YES;
				FRAMEWORK_SEARCH_PATHS = (
					"$(inherited)",
					"$(PLATFORM_DIR)/Developer/Library/Frameworks",
				);
				HEADER_SEARCH_PATHS = "$(inherited)";
				INFOPLIST_FILE = NoughtyEnvironment.xcodeproj/ComposableArchitecture_Info.plist;
				IPHONEOS_DEPLOYMENT_TARGET = 13.0;
				LD_RUNPATH_SEARCH_PATHS = "$(inherited) $(TOOLCHAIN_DIR)/usr/lib/swift/macosx";
				MACOSX_DEPLOYMENT_TARGET = 10.15;
				OTHER_CFLAGS = "$(inherited)";
				OTHER_LDFLAGS = "$(inherited)";
				OTHER_SWIFT_FLAGS = "$(inherited)";
				PRODUCT_BUNDLE_IDENTIFIER = ComposableArchitecture;
				PRODUCT_MODULE_NAME = "$(TARGET_NAME:c99extidentifier)";
				PRODUCT_NAME = "$(TARGET_NAME:c99extidentifier)";
				SKIP_INSTALL = YES;
				SWIFT_ACTIVE_COMPILATION_CONDITIONS = "$(inherited)";
				SWIFT_VERSION = 5.0;
				TARGET_NAME = ComposableArchitecture;
				TVOS_DEPLOYMENT_TARGET = 13.0;
				WATCHOS_DEPLOYMENT_TARGET = 6.0;
			};
			name = Debug;
		};
		OBJ_132 /* Release */ = {
			isa = XCBuildConfiguration;
			buildSettings = {
				ENABLE_TESTABILITY = YES;
				FRAMEWORK_SEARCH_PATHS = (
					"$(inherited)",
					"$(PLATFORM_DIR)/Developer/Library/Frameworks",
				);
				HEADER_SEARCH_PATHS = "$(inherited)";
				INFOPLIST_FILE = NoughtyEnvironment.xcodeproj/ComposableArchitecture_Info.plist;
				IPHONEOS_DEPLOYMENT_TARGET = 13.0;
				LD_RUNPATH_SEARCH_PATHS = "$(inherited) $(TOOLCHAIN_DIR)/usr/lib/swift/macosx";
				MACOSX_DEPLOYMENT_TARGET = 10.15;
				OTHER_CFLAGS = "$(inherited)";
				OTHER_LDFLAGS = "$(inherited)";
				OTHER_SWIFT_FLAGS = "$(inherited)";
				PRODUCT_BUNDLE_IDENTIFIER = ComposableArchitecture;
				PRODUCT_MODULE_NAME = "$(TARGET_NAME:c99extidentifier)";
				PRODUCT_NAME = "$(TARGET_NAME:c99extidentifier)";
				SKIP_INSTALL = YES;
				SWIFT_ACTIVE_COMPILATION_CONDITIONS = "$(inherited)";
				SWIFT_VERSION = 5.0;
				TARGET_NAME = ComposableArchitecture;
				TVOS_DEPLOYMENT_TARGET = 13.0;
				WATCHOS_DEPLOYMENT_TARGET = 6.0;
			};
			name = Release;
		};
		OBJ_172 /* Debug */ = {
			isa = XCBuildConfiguration;
			buildSettings = {
				ENABLE_TESTABILITY = YES;
				FRAMEWORK_SEARCH_PATHS = (
					"$(inherited)",
					"$(PLATFORM_DIR)/Developer/Library/Frameworks",
				);
				HEADER_SEARCH_PATHS = "$(inherited)";
				INFOPLIST_FILE = NoughtyEnvironment.xcodeproj/KeychainSwift_Info.plist;
				LD_RUNPATH_SEARCH_PATHS = "$(inherited) $(TOOLCHAIN_DIR)/usr/lib/swift/macosx";
				OTHER_CFLAGS = "$(inherited)";
				OTHER_LDFLAGS = "$(inherited)";
				OTHER_SWIFT_FLAGS = "$(inherited)";
				PRODUCT_BUNDLE_IDENTIFIER = KeychainSwift;
				PRODUCT_MODULE_NAME = "$(TARGET_NAME:c99extidentifier)";
				PRODUCT_NAME = "$(TARGET_NAME:c99extidentifier)";
				SKIP_INSTALL = YES;
				SWIFT_ACTIVE_COMPILATION_CONDITIONS = "$(inherited)";
				SWIFT_VERSION = 4.2;
				TARGET_NAME = KeychainSwift;
			};
			name = Debug;
		};
		OBJ_173 /* Release */ = {
			isa = XCBuildConfiguration;
			buildSettings = {
				ENABLE_TESTABILITY = YES;
				FRAMEWORK_SEARCH_PATHS = (
					"$(inherited)",
					"$(PLATFORM_DIR)/Developer/Library/Frameworks",
				);
				HEADER_SEARCH_PATHS = "$(inherited)";
				INFOPLIST_FILE = NoughtyEnvironment.xcodeproj/KeychainSwift_Info.plist;
				LD_RUNPATH_SEARCH_PATHS = "$(inherited) $(TOOLCHAIN_DIR)/usr/lib/swift/macosx";
				OTHER_CFLAGS = "$(inherited)";
				OTHER_LDFLAGS = "$(inherited)";
				OTHER_SWIFT_FLAGS = "$(inherited)";
				PRODUCT_BUNDLE_IDENTIFIER = KeychainSwift;
				PRODUCT_MODULE_NAME = "$(TARGET_NAME:c99extidentifier)";
				PRODUCT_NAME = "$(TARGET_NAME:c99extidentifier)";
				SKIP_INSTALL = YES;
				SWIFT_ACTIVE_COMPILATION_CONDITIONS = "$(inherited)";
				SWIFT_VERSION = 4.2;
				TARGET_NAME = KeychainSwift;
			};
			name = Release;
		};
		OBJ_181 /* Debug */ = {
			isa = XCBuildConfiguration;
			buildSettings = {
				LD = /usr/bin/true;
				OTHER_SWIFT_FLAGS = "-swift-version 4.2 -I $(TOOLCHAIN_DIR)/usr/lib/swift/pm/4_2 -sdk /Applications/Xcode.app/Contents/Developer/Platforms/MacOSX.platform/Developer/SDKs/MacOSX11.1.sdk -package-description-version 4.2.0";
				SWIFT_VERSION = 4.2;
			};
			name = Debug;
		};
		OBJ_182 /* Release */ = {
			isa = XCBuildConfiguration;
			buildSettings = {
				LD = /usr/bin/true;
				OTHER_SWIFT_FLAGS = "-swift-version 4.2 -I $(TOOLCHAIN_DIR)/usr/lib/swift/pm/4_2 -sdk /Applications/Xcode.app/Contents/Developer/Platforms/MacOSX.platform/Developer/SDKs/MacOSX11.1.sdk -package-description-version 4.2.0";
				SWIFT_VERSION = 4.2;
			};
			name = Release;
		};
		OBJ_187 /* Debug */ = {
			isa = XCBuildConfiguration;
			buildSettings = {
				ENABLE_TESTABILITY = YES;
				FRAMEWORK_SEARCH_PATHS = (
					"$(inherited)",
					"$(PLATFORM_DIR)/Developer/Library/Frameworks",
				);
				HEADER_SEARCH_PATHS = "$(inherited)";
				INFOPLIST_FILE = NoughtyEnvironment.xcodeproj/NoughtyEnvironment_Info.plist;
				IPHONEOS_DEPLOYMENT_TARGET = 14.0;
				LD_RUNPATH_SEARCH_PATHS = "$(inherited) $(TOOLCHAIN_DIR)/usr/lib/swift/macosx";
				MACOSX_DEPLOYMENT_TARGET = 10.10;
				OTHER_CFLAGS = "$(inherited)";
				OTHER_LDFLAGS = "$(inherited)";
				OTHER_SWIFT_FLAGS = "$(inherited)";
				PRODUCT_BUNDLE_IDENTIFIER = NoughtyEnvironment;
				PRODUCT_MODULE_NAME = "$(TARGET_NAME:c99extidentifier)";
				PRODUCT_NAME = "$(TARGET_NAME:c99extidentifier)";
				SKIP_INSTALL = YES;
				SWIFT_ACTIVE_COMPILATION_CONDITIONS = "$(inherited)";
				SWIFT_VERSION = 5.0;
				TARGET_NAME = NoughtyEnvironment;
				TVOS_DEPLOYMENT_TARGET = 9.0;
				WATCHOS_DEPLOYMENT_TARGET = 2.0;
			};
			name = Debug;
		};
		OBJ_188 /* Release */ = {
			isa = XCBuildConfiguration;
			buildSettings = {
				ENABLE_TESTABILITY = YES;
				FRAMEWORK_SEARCH_PATHS = (
					"$(inherited)",
					"$(PLATFORM_DIR)/Developer/Library/Frameworks",
				);
				HEADER_SEARCH_PATHS = "$(inherited)";
				INFOPLIST_FILE = NoughtyEnvironment.xcodeproj/NoughtyEnvironment_Info.plist;
				IPHONEOS_DEPLOYMENT_TARGET = 14.0;
				LD_RUNPATH_SEARCH_PATHS = "$(inherited) $(TOOLCHAIN_DIR)/usr/lib/swift/macosx";
				MACOSX_DEPLOYMENT_TARGET = 10.10;
				OTHER_CFLAGS = "$(inherited)";
				OTHER_LDFLAGS = "$(inherited)";
				OTHER_SWIFT_FLAGS = "$(inherited)";
				PRODUCT_BUNDLE_IDENTIFIER = NoughtyEnvironment;
				PRODUCT_MODULE_NAME = "$(TARGET_NAME:c99extidentifier)";
				PRODUCT_NAME = "$(TARGET_NAME:c99extidentifier)";
				SKIP_INSTALL = YES;
				SWIFT_ACTIVE_COMPILATION_CONDITIONS = "$(inherited)";
				SWIFT_VERSION = 5.0;
				TARGET_NAME = NoughtyEnvironment;
				TVOS_DEPLOYMENT_TARGET = 9.0;
				WATCHOS_DEPLOYMENT_TARGET = 2.0;
			};
			name = Release;
		};
		OBJ_213 /* Debug */ = {
			isa = XCBuildConfiguration;
			buildSettings = {
				LD = /usr/bin/true;
				OTHER_SWIFT_FLAGS = "-swift-version 5 -I $(TOOLCHAIN_DIR)/usr/lib/swift/pm/4_2 -sdk /Applications/Xcode.app/Contents/Developer/Platforms/MacOSX.platform/Developer/SDKs/MacOSX11.1.sdk -package-description-version 5.3.0";
				SWIFT_VERSION = 5.0;
			};
			name = Debug;
		};
		OBJ_214 /* Release */ = {
			isa = XCBuildConfiguration;
			buildSettings = {
				LD = /usr/bin/true;
				OTHER_SWIFT_FLAGS = "-swift-version 5 -I $(TOOLCHAIN_DIR)/usr/lib/swift/pm/4_2 -sdk /Applications/Xcode.app/Contents/Developer/Platforms/MacOSX.platform/Developer/SDKs/MacOSX11.1.sdk -package-description-version 5.3.0";
				SWIFT_VERSION = 5.0;
			};
			name = Release;
		};
		OBJ_218 /* Debug */ = {
			isa = XCBuildConfiguration;
			buildSettings = {
				ENABLE_TESTABILITY = YES;
				FRAMEWORK_SEARCH_PATHS = (
					"$(inherited)",
					"$(PLATFORM_DIR)/Developer/Library/Frameworks",
				);
				HEADER_SEARCH_PATHS = "$(inherited)";
				INFOPLIST_FILE = NoughtyEnvironment.xcodeproj/XCTestDynamicOverlay_Info.plist;
				IPHONEOS_DEPLOYMENT_TARGET = 9.0;
				LD_RUNPATH_SEARCH_PATHS = "$(inherited) $(TOOLCHAIN_DIR)/usr/lib/swift/macosx";
				MACOSX_DEPLOYMENT_TARGET = 10.10;
				OTHER_CFLAGS = "$(inherited)";
				OTHER_LDFLAGS = "$(inherited)";
				OTHER_SWIFT_FLAGS = "$(inherited)";
				PRODUCT_BUNDLE_IDENTIFIER = XCTestDynamicOverlay;
				PRODUCT_MODULE_NAME = "$(TARGET_NAME:c99extidentifier)";
				PRODUCT_NAME = "$(TARGET_NAME:c99extidentifier)";
				SKIP_INSTALL = YES;
				SWIFT_ACTIVE_COMPILATION_CONDITIONS = "$(inherited)";
				SWIFT_VERSION = 5.0;
				TARGET_NAME = XCTestDynamicOverlay;
				TVOS_DEPLOYMENT_TARGET = 9.0;
				WATCHOS_DEPLOYMENT_TARGET = 2.0;
			};
			name = Debug;
		};
		OBJ_219 /* Release */ = {
			isa = XCBuildConfiguration;
			buildSettings = {
				ENABLE_TESTABILITY = YES;
				FRAMEWORK_SEARCH_PATHS = (
					"$(inherited)",
					"$(PLATFORM_DIR)/Developer/Library/Frameworks",
				);
				HEADER_SEARCH_PATHS = "$(inherited)";
				INFOPLIST_FILE = NoughtyEnvironment.xcodeproj/XCTestDynamicOverlay_Info.plist;
				IPHONEOS_DEPLOYMENT_TARGET = 9.0;
				LD_RUNPATH_SEARCH_PATHS = "$(inherited) $(TOOLCHAIN_DIR)/usr/lib/swift/macosx";
				MACOSX_DEPLOYMENT_TARGET = 10.10;
				OTHER_CFLAGS = "$(inherited)";
				OTHER_LDFLAGS = "$(inherited)";
				OTHER_SWIFT_FLAGS = "$(inherited)";
				PRODUCT_BUNDLE_IDENTIFIER = XCTestDynamicOverlay;
				PRODUCT_MODULE_NAME = "$(TARGET_NAME:c99extidentifier)";
				PRODUCT_NAME = "$(TARGET_NAME:c99extidentifier)";
				SKIP_INSTALL = YES;
				SWIFT_ACTIVE_COMPILATION_CONDITIONS = "$(inherited)";
				SWIFT_VERSION = 5.0;
				TARGET_NAME = XCTestDynamicOverlay;
				TVOS_DEPLOYMENT_TARGET = 9.0;
				WATCHOS_DEPLOYMENT_TARGET = 2.0;
			};
			name = Release;
		};
		OBJ_225 /* Debug */ = {
			isa = XCBuildConfiguration;
			buildSettings = {
				LD = /usr/bin/true;
				OTHER_SWIFT_FLAGS = "-swift-version 5 -I $(TOOLCHAIN_DIR)/usr/lib/swift/pm/4_2 -sdk /Applications/Xcode.app/Contents/Developer/Platforms/MacOSX.platform/Developer/SDKs/MacOSX11.1.sdk -package-description-version 5.1.0";
				SWIFT_VERSION = 5.0;
			};
			name = Debug;
		};
		OBJ_226 /* Release */ = {
			isa = XCBuildConfiguration;
			buildSettings = {
				LD = /usr/bin/true;
				OTHER_SWIFT_FLAGS = "-swift-version 5 -I $(TOOLCHAIN_DIR)/usr/lib/swift/pm/4_2 -sdk /Applications/Xcode.app/Contents/Developer/Platforms/MacOSX.platform/Developer/SDKs/MacOSX11.1.sdk -package-description-version 5.1.0";
				SWIFT_VERSION = 5.0;
			};
			name = Release;
		};
		OBJ_231 /* Debug */ = {
			isa = XCBuildConfiguration;
			buildSettings = {
				LD = /usr/bin/true;
				OTHER_SWIFT_FLAGS = "-swift-version 5 -I $(TOOLCHAIN_DIR)/usr/lib/swift/pm/4_2 -sdk /Applications/Xcode.app/Contents/Developer/Platforms/MacOSX.platform/Developer/SDKs/MacOSX11.1.sdk -package-description-version 5.1.0";
				SWIFT_VERSION = 5.0;
			};
			name = Debug;
		};
		OBJ_232 /* Release */ = {
			isa = XCBuildConfiguration;
			buildSettings = {
				LD = /usr/bin/true;
				OTHER_SWIFT_FLAGS = "-swift-version 5 -I $(TOOLCHAIN_DIR)/usr/lib/swift/pm/4_2 -sdk /Applications/Xcode.app/Contents/Developer/Platforms/MacOSX.platform/Developer/SDKs/MacOSX11.1.sdk -package-description-version 5.1.0";
				SWIFT_VERSION = 5.0;
			};
			name = Release;
		};
		OBJ_237 /* Debug */ = {
			isa = XCBuildConfiguration;
			buildSettings = {
				LD = /usr/bin/true;
				OTHER_SWIFT_FLAGS = "-swift-version 5 -I $(TOOLCHAIN_DIR)/usr/lib/swift/pm/4_2 -sdk /Applications/Xcode.app/Contents/Developer/Platforms/MacOSX.platform/Developer/SDKs/MacOSX11.1.sdk -package-description-version 5.1.0";
				SWIFT_VERSION = 5.0;
			};
			name = Debug;
		};
		OBJ_238 /* Release */ = {
			isa = XCBuildConfiguration;
			buildSettings = {
				LD = /usr/bin/true;
				OTHER_SWIFT_FLAGS = "-swift-version 5 -I $(TOOLCHAIN_DIR)/usr/lib/swift/pm/4_2 -sdk /Applications/Xcode.app/Contents/Developer/Platforms/MacOSX.platform/Developer/SDKs/MacOSX11.1.sdk -package-description-version 5.1.0";
				SWIFT_VERSION = 5.0;
			};
			name = Release;
		};
		OBJ_243 /* Debug */ = {
			isa = XCBuildConfiguration;
			buildSettings = {
				LD = /usr/bin/true;
				OTHER_SWIFT_FLAGS = "-swift-version 5 -I $(TOOLCHAIN_DIR)/usr/lib/swift/pm/4_2 -sdk /Applications/Xcode.app/Contents/Developer/Platforms/MacOSX.platform/Developer/SDKs/MacOSX11.1.sdk -package-description-version 5.1.0";
				SWIFT_VERSION = 5.0;
			};
			name = Debug;
		};
		OBJ_244 /* Release */ = {
			isa = XCBuildConfiguration;
			buildSettings = {
				LD = /usr/bin/true;
				OTHER_SWIFT_FLAGS = "-swift-version 5 -I $(TOOLCHAIN_DIR)/usr/lib/swift/pm/4_2 -sdk /Applications/Xcode.app/Contents/Developer/Platforms/MacOSX.platform/Developer/SDKs/MacOSX11.1.sdk -package-description-version 5.1.0";
				SWIFT_VERSION = 5.0;
			};
			name = Release;
		};
		OBJ_3 /* Debug */ = {
			isa = XCBuildConfiguration;
			buildSettings = {
				CLANG_ENABLE_OBJC_ARC = YES;
				COMBINE_HIDPI_IMAGES = YES;
				COPY_PHASE_STRIP = NO;
				DEBUG_INFORMATION_FORMAT = dwarf;
				DYLIB_INSTALL_NAME_BASE = "@rpath";
				ENABLE_NS_ASSERTIONS = YES;
				GCC_OPTIMIZATION_LEVEL = 0;
				GCC_PREPROCESSOR_DEFINITIONS = (
					"$(inherited)",
					"SWIFT_PACKAGE=1",
					"DEBUG=1",
				);
				MACOSX_DEPLOYMENT_TARGET = 10.10;
				ONLY_ACTIVE_ARCH = YES;
				OTHER_SWIFT_FLAGS = "$(inherited) -DXcode";
				PRODUCT_NAME = "$(TARGET_NAME)";
				SDKROOT = macosx;
				SUPPORTED_PLATFORMS = "macosx iphoneos iphonesimulator appletvos appletvsimulator watchos watchsimulator";
				SWIFT_ACTIVE_COMPILATION_CONDITIONS = "$(inherited) SWIFT_PACKAGE DEBUG";
				SWIFT_OPTIMIZATION_LEVEL = "-Onone";
				USE_HEADERMAP = NO;
			};
			name = Debug;
		};
		OBJ_4 /* Release */ = {
			isa = XCBuildConfiguration;
			buildSettings = {
				CLANG_ENABLE_OBJC_ARC = YES;
				COMBINE_HIDPI_IMAGES = YES;
				COPY_PHASE_STRIP = YES;
				DEBUG_INFORMATION_FORMAT = "dwarf-with-dsym";
				DYLIB_INSTALL_NAME_BASE = "@rpath";
				GCC_OPTIMIZATION_LEVEL = s;
				GCC_PREPROCESSOR_DEFINITIONS = (
					"$(inherited)",
					"SWIFT_PACKAGE=1",
				);
				MACOSX_DEPLOYMENT_TARGET = 10.10;
				OTHER_SWIFT_FLAGS = "$(inherited) -DXcode";
				PRODUCT_NAME = "$(TARGET_NAME)";
				SDKROOT = macosx;
				SUPPORTED_PLATFORMS = "macosx iphoneos iphonesimulator appletvos appletvsimulator watchos watchsimulator";
				SWIFT_ACTIVE_COMPILATION_CONDITIONS = "$(inherited) SWIFT_PACKAGE";
				SWIFT_OPTIMIZATION_LEVEL = "-Owholemodule";
				USE_HEADERMAP = NO;
			};
			name = Release;
		};
/* End XCBuildConfiguration section */

/* Begin XCConfigurationList section */
		OBJ_101 /* Build configuration list for PBXNativeTarget "CasePaths" */ = {
			isa = XCConfigurationList;
			buildConfigurations = (
				OBJ_102 /* Debug */,
				OBJ_103 /* Release */,
			);
			defaultConfigurationIsVisible = 0;
			defaultConfigurationName = Release;
		};
		OBJ_111 /* Build configuration list for PBXNativeTarget "CombineSchedulers" */ = {
			isa = XCConfigurationList;
			buildConfigurations = (
				OBJ_112 /* Debug */,
				OBJ_113 /* Release */,
			);
			defaultConfigurationIsVisible = 0;
			defaultConfigurationName = Release;
		};
		OBJ_130 /* Build configuration list for PBXNativeTarget "ComposableArchitecture" */ = {
			isa = XCConfigurationList;
			buildConfigurations = (
				OBJ_131 /* Debug */,
				OBJ_132 /* Release */,
			);
			defaultConfigurationIsVisible = 0;
			defaultConfigurationName = Release;
		};
		OBJ_171 /* Build configuration list for PBXNativeTarget "KeychainSwift" */ = {
			isa = XCConfigurationList;
			buildConfigurations = (
				OBJ_172 /* Debug */,
				OBJ_173 /* Release */,
			);
			defaultConfigurationIsVisible = 0;
			defaultConfigurationName = Release;
		};
		OBJ_180 /* Build configuration list for PBXNativeTarget "KeychainSwiftPackageDescription" */ = {
			isa = XCConfigurationList;
			buildConfigurations = (
				OBJ_181 /* Debug */,
				OBJ_182 /* Release */,
			);
			defaultConfigurationIsVisible = 0;
			defaultConfigurationName = Release;
		};
		OBJ_186 /* Build configuration list for PBXNativeTarget "NoughtyEnvironment" */ = {
			isa = XCConfigurationList;
			buildConfigurations = (
				OBJ_187 /* Debug */,
				OBJ_188 /* Release */,
			);
			defaultConfigurationIsVisible = 0;
			defaultConfigurationName = Release;
		};
		OBJ_2 /* Build configuration list for PBXProject "NoughtyEnvironment" */ = {
			isa = XCConfigurationList;
			buildConfigurations = (
				OBJ_3 /* Debug */,
				OBJ_4 /* Release */,
			);
			defaultConfigurationIsVisible = 0;
			defaultConfigurationName = Release;
		};
		OBJ_212 /* Build configuration list for PBXNativeTarget "NoughtyEnvironmentPackageDescription" */ = {
			isa = XCConfigurationList;
			buildConfigurations = (
				OBJ_213 /* Debug */,
				OBJ_214 /* Release */,
			);
			defaultConfigurationIsVisible = 0;
			defaultConfigurationName = Release;
		};
		OBJ_217 /* Build configuration list for PBXNativeTarget "XCTestDynamicOverlay" */ = {
			isa = XCConfigurationList;
			buildConfigurations = (
				OBJ_218 /* Debug */,
				OBJ_219 /* Release */,
			);
			defaultConfigurationIsVisible = 0;
			defaultConfigurationName = Release;
		};
		OBJ_224 /* Build configuration list for PBXNativeTarget "combine-schedulersPackageDescription" */ = {
			isa = XCConfigurationList;
			buildConfigurations = (
				OBJ_225 /* Debug */,
				OBJ_226 /* Release */,
			);
			defaultConfigurationIsVisible = 0;
			defaultConfigurationName = Release;
		};
		OBJ_230 /* Build configuration list for PBXNativeTarget "swift-case-pathsPackageDescription" */ = {
			isa = XCConfigurationList;
			buildConfigurations = (
				OBJ_231 /* Debug */,
				OBJ_232 /* Release */,
			);
			defaultConfigurationIsVisible = 0;
			defaultConfigurationName = Release;
		};
		OBJ_236 /* Build configuration list for PBXNativeTarget "swift-composable-architecturePackageDescription" */ = {
			isa = XCConfigurationList;
			buildConfigurations = (
				OBJ_237 /* Debug */,
				OBJ_238 /* Release */,
			);
			defaultConfigurationIsVisible = 0;
			defaultConfigurationName = Release;
		};
		OBJ_242 /* Build configuration list for PBXNativeTarget "xctest-dynamic-overlayPackageDescription" */ = {
			isa = XCConfigurationList;
			buildConfigurations = (
				OBJ_243 /* Debug */,
				OBJ_244 /* Release */,
			);
			defaultConfigurationIsVisible = 0;
			defaultConfigurationName = Release;
		};
/* End XCConfigurationList section */
	};
	rootObject = OBJ_1 /* Project object */;
}
